
Microsoft Visual Studio Solution File, Format Version 12.00
# Visual Studio Version 16
VisualStudioVersion = 16.0.30503.244
MinimumVisualStudioVersion = 10.0.40219.1
Project("{FAE04EC0-301F-11D3-BF4B-00C04F79EFBC}") = "Module11", "Module11\Module11.csproj", "{6422A0A9-40D3-4233-B87D-4ED065E8D1CA}"
EndProject
Global
	GlobalSection(SolutionConfigurationPlatforms) = preSolution
		Debug|Any CPU = Debug|Any CPU
		Release|Any CPU = Release|Any CPU
	EndGlobalSection
	GlobalSection(ProjectConfigurationPlatforms) = postSolution
		{6422A0A9-40D3-4233-B87D-4ED065E8D1CA}.Debug|Any CPU.ActiveCfg = Debug|Any CPU
		{6422A0A9-40D3-4233-B87D-4ED065E8D1CA}.Debug|Any CPU.Build.0 = Debug|Any CPU
		{6422A0A9-40D3-4233-B87D-4ED065E8D1CA}.Release|Any CPU.ActiveCfg = Release|Any CPU
		{6422A0A9-40D3-4233-B87D-4ED065E8D1CA}.Release|Any CPU.Build.0 = Release|Any CPU
	EndGlobalSection
	GlobalSection(SolutionProperties) = preSolution
		HideSolutionNode = FALSE
	EndGlobalSection
	GlobalSection(ExtensibilityGlobals) = postSolution
		SolutionGuid = {25D3C318-0730-44D3-8F44-0C56BDC14CDE}
	EndGlobalSection
EndGlobal
