
Microsoft Visual Studio Solution File, Format Version 12.00
# Visual Studio Version 16
VisualStudioVersion = 16.0.30503.244
MinimumVisualStudioVersion = 10.0.40219.1
Project("{FAE04EC0-301F-11D3-BF4B-00C04F79EFBC}") = "Module03_Delegates", "Module03_Delegates\Module03_Delegates.csproj", "{FDF89379-AAF6-44DA-906D-A4308E6C31A7}"
EndProject
Global
	GlobalSection(SolutionConfigurationPlatforms) = preSolution
		Debug|Any CPU = Debug|Any CPU
		Release|Any CPU = Release|Any CPU
	EndGlobalSection
	GlobalSection(ProjectConfigurationPlatforms) = postSolution
		{FDF89379-AAF6-44DA-906D-A4308E6C31A7}.Debug|Any CPU.ActiveCfg = Debug|Any CPU
		{FDF89379-AAF6-44DA-906D-A4308E6C31A7}.Debug|Any CPU.Build.0 = Debug|Any CPU
		{FDF89379-AAF6-44DA-906D-A4308E6C31A7}.Release|Any CPU.ActiveCfg = Release|Any CPU
		{FDF89379-AAF6-44DA-906D-A4308E6C31A7}.Release|Any CPU.Build.0 = Release|Any CPU
	EndGlobalSection
	GlobalSection(SolutionProperties) = preSolution
		HideSolutionNode = FALSE
	EndGlobalSection
	GlobalSection(ExtensibilityGlobals) = postSolution
		SolutionGuid = {D52C6A0D-FAFE-4BF0-8EAC-DBEA73C8A5F6}
	EndGlobalSection
EndGlobal
