
Microsoft Visual Studio Solution File, Format Version 12.00
# Visual Studio Version 16
VisualStudioVersion = 16.0.30503.244
MinimumVisualStudioVersion = 10.0.40219.1
Project("{FAE04EC0-301F-11D3-BF4B-00C04F79EFBC}") = "Lab2", "Lab2\Lab2.csproj", "{5896108B-E469-4916-873F-F19969EC6FB4}"
EndProject
Project("{FAE04EC0-301F-11D3-BF4B-00C04F79EFBC}") = "Lab2.Tests", "Lab02.Tests\Lab2.Tests.csproj", "{39B57A0F-37D3-4828-A0CF-359EDB3FFBEB}"
EndProject
Global
	GlobalSection(SolutionConfigurationPlatforms) = preSolution
		Debug|Any CPU = Debug|Any CPU
		Release|Any CPU = Release|Any CPU
	EndGlobalSection
	GlobalSection(ProjectConfigurationPlatforms) = postSolution
		{5896108B-E469-4916-873F-F19969EC6FB4}.Debug|Any CPU.ActiveCfg = Debug|Any CPU
		{5896108B-E469-4916-873F-F19969EC6FB4}.Debug|Any CPU.Build.0 = Debug|Any CPU
		{5896108B-E469-4916-873F-F19969EC6FB4}.Release|Any CPU.ActiveCfg = Release|Any CPU
		{5896108B-E469-4916-873F-F19969EC6FB4}.Release|Any CPU.Build.0 = Release|Any CPU
		{39B57A0F-37D3-4828-A0CF-359EDB3FFBEB}.Debug|Any CPU.ActiveCfg = Debug|Any CPU
		{39B57A0F-37D3-4828-A0CF-359EDB3FFBEB}.Debug|Any CPU.Build.0 = Debug|Any CPU
		{39B57A0F-37D3-4828-A0CF-359EDB3FFBEB}.Release|Any CPU.ActiveCfg = Release|Any CPU
		{39B57A0F-37D3-4828-A0CF-359EDB3FFBEB}.Release|Any CPU.Build.0 = Release|Any CPU
	EndGlobalSection
	GlobalSection(SolutionProperties) = preSolution
		HideSolutionNode = FALSE
	EndGlobalSection
	GlobalSection(ExtensibilityGlobals) = postSolution
		SolutionGuid = {952A460F-6478-417F-85E4-FB8BF08A922D}
	EndGlobalSection
EndGlobal
